
Microsoft Visual Studio Solution File, Format Version 12.00
# Visual Studio Version 17
VisualStudioVersion = 17.0.31919.166
MinimumVisualStudioVersion = 10.0.40219.1
Project("{FAE04EC0-301F-11D3-BF4B-00C04F79EFBC}") = "Refleksija.App", "Refleksija.App\Refleksija.App.csproj", "{A138C58F-86C9-47B0-AB26-6592B8B9333A}"
EndProject
Project("{FAE04EC0-301F-11D3-BF4B-00C04F79EFBC}") = "MyClassLibrary", "MyClassLibrary\MyClassLibrary.csproj", "{A37C1A3B-9EE9-40CC-A9F7-95D8037C6B68}"
EndProject
Project("{FAE04EC0-301F-11D3-BF4B-00C04F79EFBC}") = "String.App", "String.App\String.App.csproj", "{C57A59A1-62A4-4FB6-AB47-EABE80E9CDE2}"
EndProject
Global
	GlobalSection(SolutionConfigurationPlatforms) = preSolution
		Debug|Any CPU = Debug|Any CPU
		Release|Any CPU = Release|Any CPU
	EndGlobalSection
	GlobalSection(ProjectConfigurationPlatforms) = postSolution
		{A138C58F-86C9-47B0-AB26-6592B8B9333A}.Debug|Any CPU.ActiveCfg = Debug|Any CPU
		{A138C58F-86C9-47B0-AB26-6592B8B9333A}.Debug|Any CPU.Build.0 = Debug|Any CPU
		{A138C58F-86C9-47B0-AB26-6592B8B9333A}.Release|Any CPU.ActiveCfg = Release|Any CPU
		{A138C58F-86C9-47B0-AB26-6592B8B9333A}.Release|Any CPU.Build.0 = Release|Any CPU
		{A37C1A3B-9EE9-40CC-A9F7-95D8037C6B68}.Debug|Any CPU.ActiveCfg = Debug|Any CPU
		{A37C1A3B-9EE9-40CC-A9F7-95D8037C6B68}.Debug|Any CPU.Build.0 = Debug|Any CPU
		{A37C1A3B-9EE9-40CC-A9F7-95D8037C6B68}.Release|Any CPU.ActiveCfg = Release|Any CPU
		{A37C1A3B-9EE9-40CC-A9F7-95D8037C6B68}.Release|Any CPU.Build.0 = Release|Any CPU
		{C57A59A1-62A4-4FB6-AB47-EABE80E9CDE2}.Debug|Any CPU.ActiveCfg = Debug|Any CPU
		{C57A59A1-62A4-4FB6-AB47-EABE80E9CDE2}.Debug|Any CPU.Build.0 = Debug|Any CPU
		{C57A59A1-62A4-4FB6-AB47-EABE80E9CDE2}.Release|Any CPU.ActiveCfg = Release|Any CPU
		{C57A59A1-62A4-4FB6-AB47-EABE80E9CDE2}.Release|Any CPU.Build.0 = Release|Any CPU
	EndGlobalSection
	GlobalSection(SolutionProperties) = preSolution
		HideSolutionNode = FALSE
	EndGlobalSection
	GlobalSection(ExtensibilityGlobals) = postSolution
		SolutionGuid = {47D0AB36-5B56-4B8C-8D7C-0A02C292EFF6}
	EndGlobalSection
EndGlobal
